
Microsoft Visual Studio Solution File, Format Version 12.00
# Visual Studio Version 16
VisualStudioVersion = 16.0.29920.165
MinimumVisualStudioVersion = 10.0.40219.1
Project("{FAE04EC0-301F-11D3-BF4B-00C04F79EFBC}") = "Cw5", "Cw5\Cw5.csproj", "{D733B39A-F35D-4E2D-935D-4AB1A03818E8}"
EndProject
Global
	GlobalSection(SolutionConfigurationPlatforms) = preSolution
		Debug|Any CPU = Debug|Any CPU
		Release|Any CPU = Release|Any CPU
	EndGlobalSection
	GlobalSection(ProjectConfigurationPlatforms) = postSolution
		{D733B39A-F35D-4E2D-935D-4AB1A03818E8}.Debug|Any CPU.ActiveCfg = Debug|Any CPU
		{D733B39A-F35D-4E2D-935D-4AB1A03818E8}.Debug|Any CPU.Build.0 = Debug|Any CPU
		{D733B39A-F35D-4E2D-935D-4AB1A03818E8}.Release|Any CPU.ActiveCfg = Release|Any CPU
		{D733B39A-F35D-4E2D-935D-4AB1A03818E8}.Release|Any CPU.Build.0 = Release|Any CPU
	EndGlobalSection
	GlobalSection(SolutionProperties) = preSolution
		HideSolutionNode = FALSE
	EndGlobalSection
	GlobalSection(ExtensibilityGlobals) = postSolution
		SolutionGuid = {E7BE15DA-A801-475C-A65E-125CCAC76EEF}
	EndGlobalSection
EndGlobal
